// !$*UTF8*$!
{
	archiveVersion = 1;
	classes = {
	};
	objectVersion = 50;
	objects = {

/* Begin PBXBuildFile section */
		8CA9A0E52201A940003D7130 /* AppDelegate.swift in Sources */ = {isa = PBXBuildFile; fileRef = 8CA9A0E42201A940003D7130 /* AppDelegate.swift */; };
		8CA9A0E72201A940003D7130 /* ViewController.swift in Sources */ = {isa = PBXBuildFile; fileRef = 8CA9A0E62201A940003D7130 /* ViewController.swift */; };
		8CA9A0EA2201A940003D7130 /* Main.storyboard in Resources */ = {isa = PBXBuildFile; fileRef = 8CA9A0E82201A940003D7130 /* Main.storyboard */; };
		8CA9A0EC2201A941003D7130 /* Assets.xcassets in Resources */ = {isa = PBXBuildFile; fileRef = 8CA9A0EB2201A941003D7130 /* Assets.xcassets */; };
		8CA9A0EF2201A941003D7130 /* LaunchScreen.storyboard in Resources */ = {isa = PBXBuildFile; fileRef = 8CA9A0ED2201A941003D7130 /* LaunchScreen.storyboard */; };
		8CAB17662205842900A527AF /* Midi.swift in Sources */ = {isa = PBXBuildFile; fileRef = 8CAB17652205842900A527AF /* Midi.swift */; };
		8CCCFA12223FB540002B9B25 /* ParamChannelCollectionViewController.swift in Sources */ = {isa = PBXBuildFile; fileRef = 8CCCFA10223FB540002B9B25 /* ParamChannelCollectionViewController.swift */; };
		8CCCFA13223FB540002B9B25 /* ParamChannelCell.swift in Sources */ = {isa = PBXBuildFile; fileRef = 8CCCFA11223FB540002B9B25 /* ParamChannelCell.swift */; };
		8CCCFA15223FB572002B9B25 /* FNCParameterBaseViewController.swift in Sources */ = {isa = PBXBuildFile; fileRef = 8CCCFA14223FB572002B9B25 /* FNCParameterBaseViewController.swift */; };
		8CF405A922073A160071413F /* Sampler.swift in Sources */ = {isa = PBXBuildFile; fileRef = 8CF405A822073A160071413F /* Sampler.swift */; };
/* End PBXBuildFile section */

/* Begin PBXFileReference section */
		8C5F12582201F5F900FAEC4B /* AudioToolbox.framework */ = {isa = PBXFileReference; lastKnownFileType = wrapper.framework; name = AudioToolbox.framework; path = System/Library/Frameworks/AudioToolbox.framework; sourceTree = SDKROOT; };
		8C5F125A2201F5F900FAEC4B /* midiSender.entitlements */ = {isa = PBXFileReference; lastKnownFileType = text.plist.entitlements; path = midiSender.entitlements; sourceTree = "<group>"; };
		8CA9A0E12201A940003D7130 /* midiSender.app */ = {isa = PBXFileReference; explicitFileType = wrapper.application; includeInIndex = 0; path = midiSender.app; sourceTree = BUILT_PRODUCTS_DIR; };
		8CA9A0E42201A940003D7130 /* AppDelegate.swift */ = {isa = PBXFileReference; lastKnownFileType = sourcecode.swift; path = AppDelegate.swift; sourceTree = "<group>"; };
		8CA9A0E62201A940003D7130 /* ViewController.swift */ = {isa = PBXFileReference; lastKnownFileType = sourcecode.swift; path = ViewController.swift; sourceTree = "<group>"; };
		8CA9A0E92201A940003D7130 /* Base */ = {isa = PBXFileReference; lastKnownFileType = file.storyboard; name = Base; path = Base.lproj/Main.storyboard; sourceTree = "<group>"; };
		8CA9A0EB2201A941003D7130 /* Assets.xcassets */ = {isa = PBXFileReference; lastKnownFileType = folder.assetcatalog; path = Assets.xcassets; sourceTree = "<group>"; };
		8CA9A0EE2201A941003D7130 /* Base */ = {isa = PBXFileReference; lastKnownFileType = file.storyboard; name = Base; path = Base.lproj/LaunchScreen.storyboard; sourceTree = "<group>"; };
		8CA9A0F02201A941003D7130 /* Info.plist */ = {isa = PBXFileReference; lastKnownFileType = text.plist.xml; path = Info.plist; sourceTree = "<group>"; };
		8CAB17652205842900A527AF /* Midi.swift */ = {isa = PBXFileReference; lastKnownFileType = sourcecode.swift; path = Midi.swift; sourceTree = "<group>"; };
		8CCCFA10223FB540002B9B25 /* ParamChannelCollectionViewController.swift */ = {isa = PBXFileReference; fileEncoding = 4; lastKnownFileType = sourcecode.swift; path = ParamChannelCollectionViewController.swift; sourceTree = "<group>"; };
		8CCCFA11223FB540002B9B25 /* ParamChannelCell.swift */ = {isa = PBXFileReference; fileEncoding = 4; lastKnownFileType = sourcecode.swift; path = ParamChannelCell.swift; sourceTree = "<group>"; };
		8CCCFA14223FB572002B9B25 /* FNCParameterBaseViewController.swift */ = {isa = PBXFileReference; fileEncoding = 4; lastKnownFileType = sourcecode.swift; path = FNCParameterBaseViewController.swift; sourceTree = "<group>"; };
		8CF405A822073A160071413F /* Sampler.swift */ = {isa = PBXFileReference; fileEncoding = 4; lastKnownFileType = sourcecode.swift; path = Sampler.swift; sourceTree = "<group>"; };
		8CF405AA22073E660071413F /* CoreMIDI.framework */ = {isa = PBXFileReference; lastKnownFileType = wrapper.framework; name = CoreMIDI.framework; path = System/Library/Frameworks/CoreMIDI.framework; sourceTree = SDKROOT; };
/* End PBXFileReference section */

/* Begin PBXFrameworksBuildPhase section */
		8CA9A0DE2201A940003D7130 /* Frameworks */ = {
			isa = PBXFrameworksBuildPhase;
			buildActionMask = 2147483647;
			files = (
			);
			runOnlyForDeploymentPostprocessing = 0;
		};
/* End PBXFrameworksBuildPhase section */

/* Begin PBXGroup section */
		8C5F12572201F5F900FAEC4B /* Frameworks */ = {
			isa = PBXGroup;
			children = (
				8CF405AA22073E660071413F /* CoreMIDI.framework */,
				8C5F12582201F5F900FAEC4B /* AudioToolbox.framework */,
			);
			name = Frameworks;
			sourceTree = "<group>";
		};
		8CA9A0D82201A940003D7130 = {
			isa = PBXGroup;
			children = (
				8CA9A0E32201A940003D7130 /* midiSender */,
				8CA9A0E22201A940003D7130 /* Products */,
				8C5F12572201F5F900FAEC4B /* Frameworks */,
			);
			sourceTree = "<group>";
		};
		8CA9A0E22201A940003D7130 /* Products */ = {
			isa = PBXGroup;
			children = (
				8CA9A0E12201A940003D7130 /* midiSender.app */,
			);
			name = Products;
			sourceTree = "<group>";
		};
		8CA9A0E32201A940003D7130 /* midiSender */ = {
			isa = PBXGroup;
			children = (
				8C5F125A2201F5F900FAEC4B /* midiSender.entitlements */,
				8CA9A0F02201A941003D7130 /* Info.plist */,
				8CA9A0E82201A940003D7130 /* Main.storyboard */,
				8CA9A0ED2201A941003D7130 /* LaunchScreen.storyboard */,
				8CA9A0EB2201A941003D7130 /* Assets.xcassets */,
				8CA9A0E42201A940003D7130 /* AppDelegate.swift */,
				8CA9A0E62201A940003D7130 /* ViewController.swift */,
				8CAB17652205842900A527AF /* Midi.swift */,
				8CF405A822073A160071413F /* Sampler.swift */,
				8CCCFA14223FB572002B9B25 /* FNCParameterBaseViewController.swift */,
				8CCCFA10223FB540002B9B25 /* ParamChannelCollectionViewController.swift */,
				8CCCFA11223FB540002B9B25 /* ParamChannelCell.swift */,
			);
			path = midiSender;
			sourceTree = "<group>";
		};
/* End PBXGroup section */

/* Begin PBXNativeTarget section */
		8CA9A0E02201A940003D7130 /* midiSender */ = {
			isa = PBXNativeTarget;
			buildConfigurationList = 8CA9A0F32201A941003D7130 /* Build configuration list for PBXNativeTarget "midiSender" */;
			buildPhases = (
				8CA9A0DD2201A940003D7130 /* Sources */,
				8CA9A0DE2201A940003D7130 /* Frameworks */,
				8CA9A0DF2201A940003D7130 /* Resources */,
			);
			buildRules = (
			);
			dependencies = (
			);
			name = midiSender;
			productName = midiSender;
			productReference = 8CA9A0E12201A940003D7130 /* midiSender.app */;
			productType = "com.apple.product-type.application";
		};
/* End PBXNativeTarget section */

/* Begin PBXProject section */
		8CA9A0D92201A940003D7130 /* Project object */ = {
			isa = PBXProject;
			attributes = {
				LastSwiftUpdateCheck = 1000;
				LastUpgradeCheck = 1000;
				ORGANIZATIONNAME = mbp;
				TargetAttributes = {
					8CA9A0E02201A940003D7130 = {
						CreatedOnToolsVersion = 10.0;
						SystemCapabilities = {
							com.apple.BackgroundModes = {
								enabled = 1;
							};
							com.apple.InterAppAudio = {
								enabled = 0;
							};
						};
					};
				};
			};
			buildConfigurationList = 8CA9A0DC2201A940003D7130 /* Build configuration list for PBXProject "midiSender" */;
			compatibilityVersion = "Xcode 9.3";
			developmentRegion = en;
			hasScannedForEncodings = 0;
			knownRegions = (
				en,
				Base,
			);
			mainGroup = 8CA9A0D82201A940003D7130;
			productRefGroup = 8CA9A0E22201A940003D7130 /* Products */;
			projectDirPath = "";
			projectRoot = "";
			targets = (
				8CA9A0E02201A940003D7130 /* midiSender */,
			);
		};
/* End PBXProject section */

/* Begin PBXResourcesBuildPhase section */
		8CA9A0DF2201A940003D7130 /* Resources */ = {
			isa = PBXResourcesBuildPhase;
			buildActionMask = 2147483647;
			files = (
				8CA9A0EF2201A941003D7130 /* LaunchScreen.storyboard in Resources */,
				8CA9A0EC2201A941003D7130 /* Assets.xcassets in Resources */,
				8CA9A0EA2201A940003D7130 /* Main.storyboard in Resources */,
			);
			runOnlyForDeploymentPostprocessing = 0;
		};
/* End PBXResourcesBuildPhase section */

/* Begin PBXSourcesBuildPhase section */
		8CA9A0DD2201A940003D7130 /* Sources */ = {
			isa = PBXSourcesBuildPhase;
			buildActionMask = 2147483647;
			files = (
				8CA9A0E72201A940003D7130 /* ViewController.swift in Sources */,
				8CCCFA15223FB572002B9B25 /* FNCParameterBaseViewController.swift in Sources */,
				8CCCFA13223FB540002B9B25 /* ParamChannelCell.swift in Sources */,
				8CAB17662205842900A527AF /* Midi.swift in Sources */,
				8CF405A922073A160071413F /* Sampler.swift in Sources */,
				8CCCFA12223FB540002B9B25 /* ParamChannelCollectionViewController.swift in Sources */,
				8CA9A0E52201A940003D7130 /* AppDelegate.swift in Sources */,
			);
			runOnlyForDeploymentPostprocessing = 0;
		};
/* End PBXSourcesBuildPhase section */

/* Begin PBXVariantGroup section */
		8CA9A0E82201A940003D7130 /* Main.storyboard */ = {
			isa = PBXVariantGroup;
			children = (
				8CA9A0E92201A940003D7130 /* Base */,
			);
			name = Main.storyboard;
			sourceTree = "<group>";
		};
		8CA9A0ED2201A941003D7130 /* LaunchScreen.storyboard */ = {
			isa = PBXVariantGroup;
			children = (
				8CA9A0EE2201A941003D7130 /* Base */,
			);
			name = LaunchScreen.storyboard;
			sourceTree = "<group>";
		};
/* End PBXVariantGroup section */

/* Begin XCBuildConfiguration section */
		8CA9A0F12201A941003D7130 /* Debug */ = {
			isa = XCBuildConfiguration;
			buildSettings = {
				ALWAYS_SEARCH_USER_PATHS = NO;
				CLANG_ANALYZER_NONNULL = YES;
				CLANG_ANALYZER_NUMBER_OBJECT_CONVERSION = YES_AGGRESSIVE;
				CLANG_CXX_LANGUAGE_STANDARD = "gnu++14";
				CLANG_CXX_LIBRARY = "libc++";
				CLANG_ENABLE_MODULES = YES;
				CLANG_ENABLE_OBJC_ARC = YES;
				CLANG_ENABLE_OBJC_WEAK = YES;
				CLANG_WARN_BLOCK_CAPTURE_AUTORELEASING = YES;
				CLANG_WARN_BOOL_CONVERSION = YES;
				CLANG_WARN_COMMA = YES;
				CLANG_WARN_CONSTANT_CONVERSION = YES;
				CLANG_WARN_DEPRECATED_OBJC_IMPLEMENTATIONS = YES;
				CLANG_WARN_DIRECT_OBJC_ISA_USAGE = YES_ERROR;
				CLANG_WARN_DOCUMENTATION_COMMENTS = YES;
				CLANG_WARN_EMPTY_BODY = YES;
				CLANG_WARN_ENUM_CONVERSION = YES;
				CLANG_WARN_INFINITE_RECURSION = YES;
				CLANG_WARN_INT_CONVERSION = YES;
				CLANG_WARN_NON_LITERAL_NULL_CONVERSION = YES;
				CLANG_WARN_OBJC_IMPLICIT_RETAIN_SELF = YES;
				CLANG_WARN_OBJC_LITERAL_CONVERSION = YES;
				CLANG_WARN_OBJC_ROOT_CLASS = YES_ERROR;
				CLANG_WARN_RANGE_LOOP_ANALYSIS = YES;
				CLANG_WARN_STRICT_PROTOTYPES = YES;
				CLANG_WARN_SUSPICIOUS_MOVE = YES;
				CLANG_WARN_UNGUARDED_AVAILABILITY = YES_AGGRESSIVE;
				CLANG_WARN_UNREACHABLE_CODE = YES;
				CLANG_WARN__DUPLICATE_METHOD_MATCH = YES;
				CODE_SIGN_IDENTITY = "iPhone Developer";
				COPY_PHASE_STRIP = NO;
				DEBUG_INFORMATION_FORMAT = dwarf;
				ENABLE_STRICT_OBJC_MSGSEND = YES;
				ENABLE_TESTABILITY = YES;
				GCC_C_LANGUAGE_STANDARD = gnu11;
				GCC_DYNAMIC_NO_PIC = NO;
				GCC_NO_COMMON_BLOCKS = YES;
				GCC_OPTIMIZATION_LEVEL = 0;
				GCC_PREPROCESSOR_DEFINITIONS = (
					"DEBUG=1",
					"$(inherited)",
				);
				GCC_WARN_64_TO_32_BIT_CONVERSION = YES;
				GCC_WARN_ABOUT_RETURN_TYPE = YES_ERROR;
				GCC_WARN_UNDECLARED_SELECTOR = YES;
				GCC_WARN_UNINITIALIZED_AUTOS = YES_AGGRESSIVE;
				GCC_WARN_UNUSED_FUNCTION = YES;
				GCC_WARN_UNUSED_VARIABLE = YES;
				IPHONEOS_DEPLOYMENT_TARGET = 12.0;
				MTL_ENABLE_DEBUG_INFO = INCLUDE_SOURCE;
				MTL_FAST_MATH = YES;
				ONLY_ACTIVE_ARCH = YES;
				SDKROOT = iphoneos;
				SWIFT_ACTIVE_COMPILATION_CONDITIONS = DEBUG;
				SWIFT_OPTIMIZATION_LEVEL = "-Onone";
			};
			name = Debug;
		};
		8CA9A0F22201A941003D7130 /* Release */ = {
			isa = XCBuildConfiguration;
			buildSettings = {
				ALWAYS_SEARCH_USER_PATHS = NO;
				CLANG_ANALYZER_NONNULL = YES;
				CLANG_ANALYZER_NUMBER_OBJECT_CONVERSION = YES_AGGRESSIVE;
				CLANG_CXX_LANGUAGE_STANDARD = "gnu++14";
				CLANG_CXX_LIBRARY = "libc++";
				CLANG_ENABLE_MODULES = YES;
				CLANG_ENABLE_OBJC_ARC = YES;
				CLANG_ENABLE_OBJC_WEAK = YES;
				CLANG_WARN_BLOCK_CAPTURE_AUTORELEASING = YES;
				CLANG_WARN_BOOL_CONVERSION = YES;
				CLANG_WARN_COMMA = YES;
				CLANG_WARN_CONSTANT_CONVERSION = YES;
				CLANG_WARN_DEPRECATED_OBJC_IMPLEMENTATIONS = YES;
				CLANG_WARN_DIRECT_OBJC_ISA_USAGE = YES_ERROR;
				CLANG_WARN_DOCUMENTATION_COMMENTS = YES;
				CLANG_WARN_EMPTY_BODY = YES;
				CLANG_WARN_ENUM_CONVERSION = YES;
				CLANG_WARN_INFINITE_RECURSION = YES;
				CLANG_WARN_INT_CONVERSION = YES;
				CLANG_WARN_NON_LITERAL_NULL_CONVERSION = YES;
				CLANG_WARN_OBJC_IMPLICIT_RETAIN_SELF = YES;
				CLANG_WARN_OBJC_LITERAL_CONVERSION = YES;
				CLANG_WARN_OBJC_ROOT_CLASS = YES_ERROR;
				CLANG_WARN_RANGE_LOOP_ANALYSIS = YES;
				CLANG_WARN_STRICT_PROTOTYPES = YES;
				CLANG_WARN_SUSPICIOUS_MOVE = YES;
				CLANG_WARN_UNGUARDED_AVAILABILITY = YES_AGGRESSIVE;
				CLANG_WARN_UNREACHABLE_CODE = YES;
				CLANG_WARN__DUPLICATE_METHOD_MATCH = YES;
				CODE_SIGN_IDENTITY = "iPhone Developer";
				COPY_PHASE_STRIP = NO;
				DEBUG_INFORMATION_FORMAT = "dwarf-with-dsym";
				ENABLE_NS_ASSERTIONS = NO;
				ENABLE_STRICT_OBJC_MSGSEND = YES;
				GCC_C_LANGUAGE_STANDARD = gnu11;
				GCC_NO_COMMON_BLOCKS = YES;
				GCC_WARN_64_TO_32_BIT_CONVERSION = YES;
				GCC_WARN_ABOUT_RETURN_TYPE = YES_ERROR;
				GCC_WARN_UNDECLARED_SELECTOR = YES;
				GCC_WARN_UNINITIALIZED_AUTOS = YES_AGGRESSIVE;
				GCC_WARN_UNUSED_FUNCTION = YES;
				GCC_WARN_UNUSED_VARIABLE = YES;
				IPHONEOS_DEPLOYMENT_TARGET = 12.0;
				MTL_ENABLE_DEBUG_INFO = NO;
				MTL_FAST_MATH = YES;
				SDKROOT = iphoneos;
				SWIFT_COMPILATION_MODE = wholemodule;
				SWIFT_OPTIMIZATION_LEVEL = "-O";
				VALIDATE_PRODUCT = YES;
			};
			name = Release;
		};
		8CA9A0F42201A941003D7130 /* Debug */ = {
			isa = XCBuildConfiguration;
			buildSettings = {
				ASSETCATALOG_COMPILER_APPICON_NAME = AppIcon;
				CODE_SIGN_STYLE = Automatic;
				DEVELOPMENT_TEAM = MWKR9Z9PF8;
				INFOPLIST_FILE = midiSender/Info.plist;
				LD_RUNPATH_SEARCH_PATHS = (
					"$(inherited)",
					"@executable_path/Frameworks",
				);
				PRODUCT_BUNDLE_IDENTIFIER = mbp.midiSender;
				PRODUCT_NAME = "$(TARGET_NAME)";
				SWIFT_VERSION = 4.2;
				TARGETED_DEVICE_FAMILY = "1,2";
			};
			name = Debug;
		};
		8CA9A0F52201A941003D7130 /* Release */ = {
			isa = XCBuildConfiguration;
			buildSettings = {
				ASSETCATALOG_COMPILER_APPICON_NAME = AppIcon;
				CODE_SIGN_STYLE = Automatic;
				DEVELOPMENT_TEAM = MWKR9Z9PF8;
				INFOPLIST_FILE = midiSender/Info.plist;
				LD_RUNPATH_SEARCH_PATHS = (
					"$(inherited)",
					"@executable_path/Frameworks",
				);
				PRODUCT_BUNDLE_IDENTIFIER = mbp.midiSender;
				PRODUCT_NAME = "$(TARGET_NAME)";
				SWIFT_VERSION = 4.2;
				TARGETED_DEVICE_FAMILY = "1,2";
			};
			name = Release;
		};
/* End XCBuildConfiguration section */

/* Begin XCConfigurationList section */
		8CA9A0DC2201A940003D7130 /* Build configuration list for PBXProject "midiSender" */ = {
			isa = XCConfigurationList;
			buildConfigurations = (
				8CA9A0F12201A941003D7130 /* Debug */,
				8CA9A0F22201A941003D7130 /* Release */,
			);
			defaultConfigurationIsVisible = 0;
			defaultConfigurationName = Release;
		};
		8CA9A0F32201A941003D7130 /* Build configuration list for PBXNativeTarget "midiSender" */ = {
			isa = XCConfigurationList;
			buildConfigurations = (
				8CA9A0F42201A941003D7130 /* Debug */,
				8CA9A0F52201A941003D7130 /* Release */,
			);
			defaultConfigurationIsVisible = 0;
			defaultConfigurationName = Release;
		};
/* End XCConfigurationList section */
	};
	rootObject = 8CA9A0D92201A940003D7130 /* Project object */;
}
